
Microsoft Visual Studio Solution File, Format Version 12.00
# Visual Studio for Mac
Project("{FAE04EC0-301F-11D3-BF4B-00C04F79EFBC}") = "Assembly-CSharp", "Assembly-CSharp.csproj", "{E681B6D9-8D0B-71D9-E6B1-A9AAE23957DE}"
EndProject
Project("{FAE04EC0-301F-11D3-BF4B-00C04F79EFBC}") = "Assembly-CSharp-firstpass", "Assembly-CSharp-firstpass.csproj", "{06CA47CD-F66F-5E23-C16A-4AD45FA4AD64}"
EndProject
Project("{FAE04EC0-301F-11D3-BF4B-00C04F79EFBC}") = "Assembly-CSharp-Editor", "Assembly-CSharp-Editor.csproj", "{D06601F3-3EF3-F91D-2CA4-412433334003}"
EndProject
Project("{FAE04EC0-301F-11D3-BF4B-00C04F79EFBC}") = "Assembly-CSharp-Editor-firstpass", "Assembly-CSharp-Editor-firstpass.csproj", "{E6E2986B-0809-095F-8635-BA7E5C622E4E}"
EndProject
Global
	GlobalSection(SolutionConfigurationPlatforms) = preSolution
		Debug|Any CPU = Debug|Any CPU
		Release|Any CPU = Release|Any CPU
	EndGlobalSection
	GlobalSection(ProjectConfigurationPlatforms) = postSolution
		{E681B6D9-8D0B-71D9-E6B1-A9AAE23957DE}.Debug|Any CPU.ActiveCfg = Debug|Any CPU
		{E681B6D9-8D0B-71D9-E6B1-A9AAE23957DE}.Debug|Any CPU.Build.0 = Debug|Any CPU
		{E681B6D9-8D0B-71D9-E6B1-A9AAE23957DE}.Release|Any CPU.ActiveCfg = Release|Any CPU
		{E681B6D9-8D0B-71D9-E6B1-A9AAE23957DE}.Release|Any CPU.Build.0 = Release|Any CPU
		{06CA47CD-F66F-5E23-C16A-4AD45FA4AD64}.Debug|Any CPU.ActiveCfg = Debug|Any CPU
		{06CA47CD-F66F-5E23-C16A-4AD45FA4AD64}.Debug|Any CPU.Build.0 = Debug|Any CPU
		{06CA47CD-F66F-5E23-C16A-4AD45FA4AD64}.Release|Any CPU.ActiveCfg = Release|Any CPU
		{06CA47CD-F66F-5E23-C16A-4AD45FA4AD64}.Release|Any CPU.Build.0 = Release|Any CPU
		{D06601F3-3EF3-F91D-2CA4-412433334003}.Debug|Any CPU.ActiveCfg = Debug|Any CPU
		{D06601F3-3EF3-F91D-2CA4-412433334003}.Debug|Any CPU.Build.0 = Debug|Any CPU
		{D06601F3-3EF3-F91D-2CA4-412433334003}.Release|Any CPU.ActiveCfg = Release|Any CPU
		{D06601F3-3EF3-F91D-2CA4-412433334003}.Release|Any CPU.Build.0 = Release|Any CPU
		{E6E2986B-0809-095F-8635-BA7E5C622E4E}.Debug|Any CPU.ActiveCfg = Debug|Any CPU
		{E6E2986B-0809-095F-8635-BA7E5C622E4E}.Debug|Any CPU.Build.0 = Debug|Any CPU
		{E6E2986B-0809-095F-8635-BA7E5C622E4E}.Release|Any CPU.ActiveCfg = Release|Any CPU
		{E6E2986B-0809-095F-8635-BA7E5C622E4E}.Release|Any CPU.Build.0 = Release|Any CPU
	EndGlobalSection
	GlobalSection(SolutionProperties) = preSolution
		HideSolutionNode = FALSE
	EndGlobalSection
EndGlobal
